
Microsoft Visual Studio Solution File, Format Version 12.00
# Visual Studio Version 17
VisualStudioVersion = 17.14.36511.14
MinimumVisualStudioVersion = 10.0.40219.1
Project("{FAE04EC0-301F-11D3-BF4B-00C04F79EFBC}") = "BizSecureDemo22180075", "BizSecureDemo22180075.csproj", "{BB58BBA4-47A1-45F6-A82F-5DA1D890CA22}"
EndProject
Global
	GlobalSection(SolutionConfigurationPlatforms) = preSolution
		Debug|Any CPU = Debug|Any CPU
		Release|Any CPU = Release|Any CPU
	EndGlobalSection
	GlobalSection(ProjectConfigurationPlatforms) = postSolution
		{BB58BBA4-47A1-45F6-A82F-5DA1D890CA22}.Debug|Any CPU.ActiveCfg = Debug|Any CPU
		{BB58BBA4-47A1-45F6-A82F-5DA1D890CA22}.Debug|Any CPU.Build.0 = Debug|Any CPU
		{BB58BBA4-47A1-45F6-A82F-5DA1D890CA22}.Release|Any CPU.ActiveCfg = Release|Any CPU
		{BB58BBA4-47A1-45F6-A82F-5DA1D890CA22}.Release|Any CPU.Build.0 = Release|Any CPU
	EndGlobalSection
	GlobalSection(SolutionProperties) = preSolution
		HideSolutionNode = FALSE
	EndGlobalSection
	GlobalSection(ExtensibilityGlobals) = postSolution
		SolutionGuid = {1406676A-7CD6-4252-B649-64767C5FB2C8}
	EndGlobalSection
EndGlobal
